
Microsoft Visual Studio Solution File, Format Version 12.00
# Visual Studio Version 16
VisualStudioVersion = 16.0.28803.352
MinimumVisualStudioVersion = 10.0.40219.1
Project("{FAE04EC0-301F-11D3-BF4B-00C04F79EFBC}") = "ProyectoWeb", "ProyectoWeb\ProyectoWeb.csproj", "{870C40DE-0E44-4388-BE0B-A3982B155B3E}"
EndProject
Project("{FAE04EC0-301F-11D3-BF4B-00C04F79EFBC}") = "BLL", "..\..\Desktop\School\02-2019\repos\BLL\BLL.csproj", "{1AD32760-92E8-487E-A085-75F2FCFC2E9C}"
EndProject
Project("{FAE04EC0-301F-11D3-BF4B-00C04F79EFBC}") = "DAL", "..\..\Desktop\School\02-2019\repos\DAL\DAL.csproj", "{BCE81376-D252-4BC4-A3EE-7A7294316BCB}"
EndProject
Project("{FAE04EC0-301F-11D3-BF4B-00C04F79EFBC}") = "Entidades", "..\..\Desktop\School\02-2019\repos\Entidades\Entidades.csproj", "{A9C4EF19-17B7-4285-882C-2252D869B21B}"
EndProject
Global
	GlobalSection(SolutionConfigurationPlatforms) = preSolution
		Debug|Any CPU = Debug|Any CPU
		Release|Any CPU = Release|Any CPU
	EndGlobalSection
	GlobalSection(ProjectConfigurationPlatforms) = postSolution
		{870C40DE-0E44-4388-BE0B-A3982B155B3E}.Debug|Any CPU.ActiveCfg = Debug|Any CPU
		{870C40DE-0E44-4388-BE0B-A3982B155B3E}.Debug|Any CPU.Build.0 = Debug|Any CPU
		{870C40DE-0E44-4388-BE0B-A3982B155B3E}.Release|Any CPU.ActiveCfg = Release|Any CPU
		{870C40DE-0E44-4388-BE0B-A3982B155B3E}.Release|Any CPU.Build.0 = Release|Any CPU
		{1AD32760-92E8-487E-A085-75F2FCFC2E9C}.Debug|Any CPU.ActiveCfg = Debug|Any CPU
		{1AD32760-92E8-487E-A085-75F2FCFC2E9C}.Debug|Any CPU.Build.0 = Debug|Any CPU
		{1AD32760-92E8-487E-A085-75F2FCFC2E9C}.Release|Any CPU.ActiveCfg = Release|Any CPU
		{1AD32760-92E8-487E-A085-75F2FCFC2E9C}.Release|Any CPU.Build.0 = Release|Any CPU
		{BCE81376-D252-4BC4-A3EE-7A7294316BCB}.Debug|Any CPU.ActiveCfg = Debug|Any CPU
		{BCE81376-D252-4BC4-A3EE-7A7294316BCB}.Debug|Any CPU.Build.0 = Debug|Any CPU
		{BCE81376-D252-4BC4-A3EE-7A7294316BCB}.Release|Any CPU.ActiveCfg = Release|Any CPU
		{BCE81376-D252-4BC4-A3EE-7A7294316BCB}.Release|Any CPU.Build.0 = Release|Any CPU
		{A9C4EF19-17B7-4285-882C-2252D869B21B}.Debug|Any CPU.ActiveCfg = Debug|Any CPU
		{A9C4EF19-17B7-4285-882C-2252D869B21B}.Debug|Any CPU.Build.0 = Debug|Any CPU
		{A9C4EF19-17B7-4285-882C-2252D869B21B}.Release|Any CPU.ActiveCfg = Release|Any CPU
		{A9C4EF19-17B7-4285-882C-2252D869B21B}.Release|Any CPU.Build.0 = Release|Any CPU
	EndGlobalSection
	GlobalSection(SolutionProperties) = preSolution
		HideSolutionNode = FALSE
	EndGlobalSection
	GlobalSection(ExtensibilityGlobals) = postSolution
		SolutionGuid = {80D0EED3-112D-4FF9-A05E-1E512F098086}
	EndGlobalSection
EndGlobal
